
Microsoft Visual Studio Solution File, Format Version 12.00
# Visual Studio Version 17
VisualStudioVersion = 17.13.35913.81 d17.13
MinimumVisualStudioVersion = 10.0.40219.1
Project("{FAE04EC0-301F-11D3-BF4B-00C04F79EFBC}") = "WriteApi", "WriteApi.csproj", "{FC762EEA-8E00-49C1-8EF4-0844439F4176}"
EndProject
Global
	GlobalSection(SolutionConfigurationPlatforms) = preSolution
		Debug|Any CPU = Debug|Any CPU
		Release|Any CPU = Release|Any CPU
	EndGlobalSection
	GlobalSection(ProjectConfigurationPlatforms) = postSolution
		{FC762EEA-8E00-49C1-8EF4-0844439F4176}.Debug|Any CPU.ActiveCfg = Debug|Any CPU
		{FC762EEA-8E00-49C1-8EF4-0844439F4176}.Debug|Any CPU.Build.0 = Debug|Any CPU
		{FC762EEA-8E00-49C1-8EF4-0844439F4176}.Release|Any CPU.ActiveCfg = Release|Any CPU
		{FC762EEA-8E00-49C1-8EF4-0844439F4176}.Release|Any CPU.Build.0 = Release|Any CPU
	EndGlobalSection
	GlobalSection(SolutionProperties) = preSolution
		HideSolutionNode = FALSE
	EndGlobalSection
	GlobalSection(ExtensibilityGlobals) = postSolution
		SolutionGuid = {1F08D002-1E34-4253-A749-4651ED7DB125}
	EndGlobalSection
EndGlobal
